{
	"name": "Peg",
	"lockfileVersion": 2,
	"requires": true,
	"packages": {
		"": {
			"license": "MIT",
			"dependencies": {
				"peggy": "^1.0.0",
				"phpeggy": "^1.0.1"
			}
		},
		"node_modules/peggy": {
			"version": "1.0.0",
			"resolved": "https://registry.npmjs.org/peggy/-/peggy-1.0.0.tgz",
			"integrity": "sha512-lH12sxAXj4Aug+vH6IGoByIQOREIlhH+x4Uzb9kce6DD8wcGeidkC0JYEOwHormKrLt5BFLTbR4PuD/tiMOirQ==",
			"bin": {
				"peggy": "bin/peggy"
			},
			"engines": {
				"node": ">=10"
			}
		},
		"node_modules/phpeggy": {
			"version": "1.0.1",
			"resolved": "https://registry.npmjs.org/phpeggy/-/phpeggy-1.0.1.tgz",
			"integrity": "sha512-wMrxoPlCmKHCRdY4UriTzDE5hBdBaXxCIBuebLeMlk+LkAIBsZAF251i7EspetlZSqcKkT0eo93v+tzZ053glw==",
			"peerDependencies": {
				"peggy": "1.0.0"
			}
		}
	},
	"dependencies": {
		"peggy": {
			"version": "1.0.0",
			"resolved": "https://registry.npmjs.org/peggy/-/peggy-1.0.0.tgz",
			"integrity": "sha512-lH12sxAXj4Aug+vH6IGoByIQOREIlhH+x4Uzb9kce6DD8wcGeidkC0JYEOwHormKrLt5BFLTbR4PuD/tiMOirQ=="
		},
		"phpeggy": {
			"version": "1.0.1",
			"resolved": "https://registry.npmjs.org/phpeggy/-/phpeggy-1.0.1.tgz",
			"integrity": "sha512-wMrxoPlCmKHCRdY4UriTzDE5hBdBaXxCIBuebLeMlk+LkAIBsZAF251i7EspetlZSqcKkT0eo93v+tzZ053glw==",
			"requires": {}
		}
	}
}
